
Microsoft Visual Studio Solution File, Format Version 12.00
# Visual Studio 15
VisualStudioVersion = 15.0.27130.2036
MinimumVisualStudioVersion = 10.0.40219.1
Project("{2150E333-8FDC-42A3-9474-1A3956D46DE8}") = "src", "src", "{AFAA0841-BD93-466F-B8F4-FB4EEC86F1FC}"
EndProject
Project("{2150E333-8FDC-42A3-9474-1A3956D46DE8}") = "test", "test", "{F10AA149-2626-486E-85BB-9CD5365F3016}"
EndProject
Project("{9A19103F-16F7-4668-BE54-9A1E7A4F7556}") = "K9Abp.Core", "src\K9Abp.Core\K9Abp.Core.csproj", "{0FA75A5B-AB83-4FD0-B545-279774C01E87}"
EndProject
Project("{9A19103F-16F7-4668-BE54-9A1E7A4F7556}") = "K9Abp.Application", "src\K9Abp.Application\K9Abp.Application.csproj", "{3870C648-4AEA-4B85-BA3F-F2F63B96136A}"
EndProject
Project("{9A19103F-16F7-4668-BE54-9A1E7A4F7556}") = "K9Abp.Tests", "test\K9Abp.Tests\K9Abp.Tests.csproj", "{0D4C5D00-C144-4213-A007-4B8944113AB1}"
EndProject
Project("{9A19103F-16F7-4668-BE54-9A1E7A4F7556}") = "K9Abp.Migrator", "src\K9Abp.Migrator\K9Abp.Migrator.csproj", "{880B3591-E057-46FE-B525-10BD83828B93}"
EndProject
Project("{9A19103F-16F7-4668-BE54-9A1E7A4F7556}") = "K9Abp.Web.Host", "src\K9Abp.Web.Host\K9Abp.Web.Host.csproj", "{38E184BD-E874-4633-A947-AED4FDB73F40}"
	ProjectSection(ProjectDependencies) = postProject
		{40B01617-E53F-4A58-9C59-64DA8EBFFDF9} = {40B01617-E53F-4A58-9C59-64DA8EBFFDF9}
		{B7B9DC2A-F357-4DAE-82D6-D6E9BB574457} = {B7B9DC2A-F357-4DAE-82D6-D6E9BB574457}
	EndProjectSection
EndProject
Project("{9A19103F-16F7-4668-BE54-9A1E7A4F7556}") = "K9Abp.Web.Core", "src\K9Abp.Web.Core\K9Abp.Web.Core.csproj", "{22CFE0D2-8DCA-42D7-AD7D-784C3862493F}"
EndProject
Project("{9A19103F-16F7-4668-BE54-9A1E7A4F7556}") = "K9Abp.EntityFrameworkCore", "src\K9Abp.EntityFrameworkCore\K9Abp.EntityFrameworkCore.csproj", "{E0580562-F8F2-4EBB-B07A-ABFC6F2C314F}"
EndProject
Project("{2150E333-8FDC-42A3-9474-1A3956D46DE8}") = "01_Infrastructure", "01_Infrastructure", "{146542FD-DA5B-49C3-81E6-15D41DCA251E}"
EndProject
Project("{2150E333-8FDC-42A3-9474-1A3956D46DE8}") = "02_Domain", "02_Domain", "{CE892C11-4619-4783-A432-5C3747E133A9}"
EndProject
Project("{2150E333-8FDC-42A3-9474-1A3956D46DE8}") = "03_Application", "03_Application", "{81197F26-BE78-403B-9D8A-3C31EA8D96DD}"
EndProject
Project("{2150E333-8FDC-42A3-9474-1A3956D46DE8}") = "04_Presentation", "04_Presentation", "{A8A0625C-4221-49AB-B136-D4462B3D0027}"
EndProject
Project("{2150E333-8FDC-42A3-9474-1A3956D46DE8}") = "90_tools", "90_tools", "{0F3F73A2-A7B0-47B6-A4BD-06DADAD7F404}"
EndProject
Project("{9A19103F-16F7-4668-BE54-9A1E7A4F7556}") = "Abp.Castle.NLogLogging", "src\Abp.Castle.NLogLogging\Abp.Castle.NLogLogging.csproj", "{A7982909-4AF6-4BF0-A163-7EBF77232A14}"
EndProject
Project("{2150E333-8FDC-42A3-9474-1A3956D46DE8}") = "10_Plugins", "10_Plugins", "{1C5D3462-14ED-4126-9D21-1142BEC08DD7}"
EndProject
Project("{9A19103F-16F7-4668-BE54-9A1E7A4F7556}") = "K9Abp.AngularClientGenerator", "src\K9Abp.AngularClientGenerator\K9Abp.AngularClientGenerator.csproj", "{3303CBFB-3882-46C2-AD80-1C606F7D3E6F}"
EndProject
Project("{9A19103F-16F7-4668-BE54-9A1E7A4F7556}") = "ORS.AspNetZeroCore", "src\ORS.AspNetZeroCore\ORS.AspNetZeroCore.csproj", "{41AF4A7D-C54E-4C00-B166-02B5ADD47E0B}"
EndProject
Project("{9A19103F-16F7-4668-BE54-9A1E7A4F7556}") = "ORS.AspNetZeroCore.Web", "src\ORS.AspNetZeroCore.Web\ORS.AspNetZeroCore.Web.csproj", "{56F6AAA7-5236-40C7-BAE2-B7E1FB514EE6}"
EndProject
Project("{9A19103F-16F7-4668-BE54-9A1E7A4F7556}") = "K9Abp.Rename", "src\K9Abp.Rename\K9Abp.Rename.csproj", "{72005E59-2482-4BAB-93F5-C2BF7552F36B}"
EndProject
Project("{9A19103F-16F7-4668-BE54-9A1E7A4F7556}") = "K9Abp.NgAlain", "src\K9Abp.NgAlain\K9Abp.NgAlain.csproj", "{A258266A-4218-4D4A-AB17-46955FF21A60}"
EndProject
Project("{9A19103F-16F7-4668-BE54-9A1E7A4F7556}") = "K9AbpPlugin.PomotionQuery", "src\K9AbpPlugin.PomotionQuery\K9AbpPlugin.PomotionQuery.csproj", "{40B01617-E53F-4A58-9C59-64DA8EBFFDF9}"
EndProject
Project("{9A19103F-16F7-4668-BE54-9A1E7A4F7556}") = "K9AbpPlugin.iDesk", "src\K9AbpPlugin.iDesk\K9AbpPlugin.iDesk.csproj", "{08333BCF-D7A3-41E5-8B71-8126EF5ED2F7}"
EndProject
Project("{9A19103F-16F7-4668-BE54-9A1E7A4F7556}") = "K9AbpPlugin.Broadband", "src\K9AbpPlugin.Broadband\K9AbpPlugin.Broadband.csproj", "{B7B9DC2A-F357-4DAE-82D6-D6E9BB574457}"
EndProject
Project("{9A19103F-16F7-4668-BE54-9A1E7A4F7556}") = "K9Abp.Wechat", "src\K9Abp.Wechat\K9Abp.Wechat.csproj", "{00F9350C-53B9-454A-8212-F9053FE476ED}"
EndProject
Global
	GlobalSection(SolutionConfigurationPlatforms) = preSolution
		Debug|Any CPU = Debug|Any CPU
		Release|Any CPU = Release|Any CPU
	EndGlobalSection
	GlobalSection(ProjectConfigurationPlatforms) = postSolution
		{0FA75A5B-AB83-4FD0-B545-279774C01E87}.Debug|Any CPU.ActiveCfg = Debug|Any CPU
		{0FA75A5B-AB83-4FD0-B545-279774C01E87}.Debug|Any CPU.Build.0 = Debug|Any CPU
		{0FA75A5B-AB83-4FD0-B545-279774C01E87}.Release|Any CPU.ActiveCfg = Release|Any CPU
		{0FA75A5B-AB83-4FD0-B545-279774C01E87}.Release|Any CPU.Build.0 = Release|Any CPU
		{3870C648-4AEA-4B85-BA3F-F2F63B96136A}.Debug|Any CPU.ActiveCfg = Debug|Any CPU
		{3870C648-4AEA-4B85-BA3F-F2F63B96136A}.Debug|Any CPU.Build.0 = Debug|Any CPU
		{3870C648-4AEA-4B85-BA3F-F2F63B96136A}.Release|Any CPU.ActiveCfg = Release|Any CPU
		{3870C648-4AEA-4B85-BA3F-F2F63B96136A}.Release|Any CPU.Build.0 = Release|Any CPU
		{0D4C5D00-C144-4213-A007-4B8944113AB1}.Debug|Any CPU.ActiveCfg = Debug|Any CPU
		{0D4C5D00-C144-4213-A007-4B8944113AB1}.Debug|Any CPU.Build.0 = Debug|Any CPU
		{0D4C5D00-C144-4213-A007-4B8944113AB1}.Release|Any CPU.ActiveCfg = Release|Any CPU
		{0D4C5D00-C144-4213-A007-4B8944113AB1}.Release|Any CPU.Build.0 = Release|Any CPU
		{880B3591-E057-46FE-B525-10BD83828B93}.Debug|Any CPU.ActiveCfg = Debug|Any CPU
		{880B3591-E057-46FE-B525-10BD83828B93}.Debug|Any CPU.Build.0 = Debug|Any CPU
		{880B3591-E057-46FE-B525-10BD83828B93}.Release|Any CPU.ActiveCfg = Release|Any CPU
		{880B3591-E057-46FE-B525-10BD83828B93}.Release|Any CPU.Build.0 = Release|Any CPU
		{38E184BD-E874-4633-A947-AED4FDB73F40}.Debug|Any CPU.ActiveCfg = Debug|Any CPU
		{38E184BD-E874-4633-A947-AED4FDB73F40}.Debug|Any CPU.Build.0 = Debug|Any CPU
		{38E184BD-E874-4633-A947-AED4FDB73F40}.Release|Any CPU.ActiveCfg = Release|Any CPU
		{38E184BD-E874-4633-A947-AED4FDB73F40}.Release|Any CPU.Build.0 = Release|Any CPU
		{22CFE0D2-8DCA-42D7-AD7D-784C3862493F}.Debug|Any CPU.ActiveCfg = Debug|Any CPU
		{22CFE0D2-8DCA-42D7-AD7D-784C3862493F}.Debug|Any CPU.Build.0 = Debug|Any CPU
		{22CFE0D2-8DCA-42D7-AD7D-784C3862493F}.Release|Any CPU.ActiveCfg = Release|Any CPU
		{22CFE0D2-8DCA-42D7-AD7D-784C3862493F}.Release|Any CPU.Build.0 = Release|Any CPU
		{E0580562-F8F2-4EBB-B07A-ABFC6F2C314F}.Debug|Any CPU.ActiveCfg = Debug|Any CPU
		{E0580562-F8F2-4EBB-B07A-ABFC6F2C314F}.Debug|Any CPU.Build.0 = Debug|Any CPU
		{E0580562-F8F2-4EBB-B07A-ABFC6F2C314F}.Release|Any CPU.ActiveCfg = Release|Any CPU
		{E0580562-F8F2-4EBB-B07A-ABFC6F2C314F}.Release|Any CPU.Build.0 = Release|Any CPU
		{A7982909-4AF6-4BF0-A163-7EBF77232A14}.Debug|Any CPU.ActiveCfg = Debug|Any CPU
		{A7982909-4AF6-4BF0-A163-7EBF77232A14}.Debug|Any CPU.Build.0 = Debug|Any CPU
		{A7982909-4AF6-4BF0-A163-7EBF77232A14}.Release|Any CPU.ActiveCfg = Release|Any CPU
		{A7982909-4AF6-4BF0-A163-7EBF77232A14}.Release|Any CPU.Build.0 = Release|Any CPU
		{3303CBFB-3882-46C2-AD80-1C606F7D3E6F}.Debug|Any CPU.ActiveCfg = Debug|Any CPU
		{3303CBFB-3882-46C2-AD80-1C606F7D3E6F}.Debug|Any CPU.Build.0 = Debug|Any CPU
		{3303CBFB-3882-46C2-AD80-1C606F7D3E6F}.Release|Any CPU.ActiveCfg = Release|Any CPU
		{3303CBFB-3882-46C2-AD80-1C606F7D3E6F}.Release|Any CPU.Build.0 = Release|Any CPU
		{41AF4A7D-C54E-4C00-B166-02B5ADD47E0B}.Debug|Any CPU.ActiveCfg = Debug|Any CPU
		{41AF4A7D-C54E-4C00-B166-02B5ADD47E0B}.Debug|Any CPU.Build.0 = Debug|Any CPU
		{41AF4A7D-C54E-4C00-B166-02B5ADD47E0B}.Release|Any CPU.ActiveCfg = Release|Any CPU
		{41AF4A7D-C54E-4C00-B166-02B5ADD47E0B}.Release|Any CPU.Build.0 = Release|Any CPU
		{56F6AAA7-5236-40C7-BAE2-B7E1FB514EE6}.Debug|Any CPU.ActiveCfg = Debug|Any CPU
		{56F6AAA7-5236-40C7-BAE2-B7E1FB514EE6}.Debug|Any CPU.Build.0 = Debug|Any CPU
		{56F6AAA7-5236-40C7-BAE2-B7E1FB514EE6}.Release|Any CPU.ActiveCfg = Release|Any CPU
		{56F6AAA7-5236-40C7-BAE2-B7E1FB514EE6}.Release|Any CPU.Build.0 = Release|Any CPU
		{72005E59-2482-4BAB-93F5-C2BF7552F36B}.Debug|Any CPU.ActiveCfg = Debug|Any CPU
		{72005E59-2482-4BAB-93F5-C2BF7552F36B}.Debug|Any CPU.Build.0 = Debug|Any CPU
		{72005E59-2482-4BAB-93F5-C2BF7552F36B}.Release|Any CPU.ActiveCfg = Release|Any CPU
		{72005E59-2482-4BAB-93F5-C2BF7552F36B}.Release|Any CPU.Build.0 = Release|Any CPU
		{A258266A-4218-4D4A-AB17-46955FF21A60}.Debug|Any CPU.ActiveCfg = Debug|Any CPU
		{A258266A-4218-4D4A-AB17-46955FF21A60}.Debug|Any CPU.Build.0 = Debug|Any CPU
		{A258266A-4218-4D4A-AB17-46955FF21A60}.Release|Any CPU.ActiveCfg = Release|Any CPU
		{A258266A-4218-4D4A-AB17-46955FF21A60}.Release|Any CPU.Build.0 = Release|Any CPU
		{40B01617-E53F-4A58-9C59-64DA8EBFFDF9}.Debug|Any CPU.ActiveCfg = Debug|Any CPU
		{40B01617-E53F-4A58-9C59-64DA8EBFFDF9}.Debug|Any CPU.Build.0 = Debug|Any CPU
		{40B01617-E53F-4A58-9C59-64DA8EBFFDF9}.Release|Any CPU.ActiveCfg = Release|Any CPU
		{40B01617-E53F-4A58-9C59-64DA8EBFFDF9}.Release|Any CPU.Build.0 = Release|Any CPU
		{08333BCF-D7A3-41E5-8B71-8126EF5ED2F7}.Debug|Any CPU.ActiveCfg = Debug|Any CPU
		{08333BCF-D7A3-41E5-8B71-8126EF5ED2F7}.Debug|Any CPU.Build.0 = Debug|Any CPU
		{08333BCF-D7A3-41E5-8B71-8126EF5ED2F7}.Release|Any CPU.ActiveCfg = Release|Any CPU
		{08333BCF-D7A3-41E5-8B71-8126EF5ED2F7}.Release|Any CPU.Build.0 = Release|Any CPU
		{B7B9DC2A-F357-4DAE-82D6-D6E9BB574457}.Debug|Any CPU.ActiveCfg = Debug|Any CPU
		{B7B9DC2A-F357-4DAE-82D6-D6E9BB574457}.Debug|Any CPU.Build.0 = Debug|Any CPU
		{B7B9DC2A-F357-4DAE-82D6-D6E9BB574457}.Release|Any CPU.ActiveCfg = Release|Any CPU
		{B7B9DC2A-F357-4DAE-82D6-D6E9BB574457}.Release|Any CPU.Build.0 = Release|Any CPU
		{00F9350C-53B9-454A-8212-F9053FE476ED}.Debug|Any CPU.ActiveCfg = Debug|Any CPU
		{00F9350C-53B9-454A-8212-F9053FE476ED}.Debug|Any CPU.Build.0 = Debug|Any CPU
		{00F9350C-53B9-454A-8212-F9053FE476ED}.Release|Any CPU.ActiveCfg = Release|Any CPU
		{00F9350C-53B9-454A-8212-F9053FE476ED}.Release|Any CPU.Build.0 = Release|Any CPU
	EndGlobalSection
	GlobalSection(SolutionProperties) = preSolution
		HideSolutionNode = FALSE
	EndGlobalSection
	GlobalSection(NestedProjects) = preSolution
		{0FA75A5B-AB83-4FD0-B545-279774C01E87} = {CE892C11-4619-4783-A432-5C3747E133A9}
		{3870C648-4AEA-4B85-BA3F-F2F63B96136A} = {81197F26-BE78-403B-9D8A-3C31EA8D96DD}
		{0D4C5D00-C144-4213-A007-4B8944113AB1} = {F10AA149-2626-486E-85BB-9CD5365F3016}
		{880B3591-E057-46FE-B525-10BD83828B93} = {0F3F73A2-A7B0-47B6-A4BD-06DADAD7F404}
		{38E184BD-E874-4633-A947-AED4FDB73F40} = {A8A0625C-4221-49AB-B136-D4462B3D0027}
		{22CFE0D2-8DCA-42D7-AD7D-784C3862493F} = {A8A0625C-4221-49AB-B136-D4462B3D0027}
		{E0580562-F8F2-4EBB-B07A-ABFC6F2C314F} = {146542FD-DA5B-49C3-81E6-15D41DCA251E}
		{146542FD-DA5B-49C3-81E6-15D41DCA251E} = {AFAA0841-BD93-466F-B8F4-FB4EEC86F1FC}
		{CE892C11-4619-4783-A432-5C3747E133A9} = {AFAA0841-BD93-466F-B8F4-FB4EEC86F1FC}
		{81197F26-BE78-403B-9D8A-3C31EA8D96DD} = {AFAA0841-BD93-466F-B8F4-FB4EEC86F1FC}
		{A8A0625C-4221-49AB-B136-D4462B3D0027} = {AFAA0841-BD93-466F-B8F4-FB4EEC86F1FC}
		{0F3F73A2-A7B0-47B6-A4BD-06DADAD7F404} = {AFAA0841-BD93-466F-B8F4-FB4EEC86F1FC}
		{A7982909-4AF6-4BF0-A163-7EBF77232A14} = {146542FD-DA5B-49C3-81E6-15D41DCA251E}
		{1C5D3462-14ED-4126-9D21-1142BEC08DD7} = {AFAA0841-BD93-466F-B8F4-FB4EEC86F1FC}
		{3303CBFB-3882-46C2-AD80-1C606F7D3E6F} = {0F3F73A2-A7B0-47B6-A4BD-06DADAD7F404}
		{41AF4A7D-C54E-4C00-B166-02B5ADD47E0B} = {CE892C11-4619-4783-A432-5C3747E133A9}
		{56F6AAA7-5236-40C7-BAE2-B7E1FB514EE6} = {CE892C11-4619-4783-A432-5C3747E133A9}
		{72005E59-2482-4BAB-93F5-C2BF7552F36B} = {0F3F73A2-A7B0-47B6-A4BD-06DADAD7F404}
		{A258266A-4218-4D4A-AB17-46955FF21A60} = {81197F26-BE78-403B-9D8A-3C31EA8D96DD}
		{40B01617-E53F-4A58-9C59-64DA8EBFFDF9} = {1C5D3462-14ED-4126-9D21-1142BEC08DD7}
		{08333BCF-D7A3-41E5-8B71-8126EF5ED2F7} = {1C5D3462-14ED-4126-9D21-1142BEC08DD7}
		{B7B9DC2A-F357-4DAE-82D6-D6E9BB574457} = {1C5D3462-14ED-4126-9D21-1142BEC08DD7}
		{00F9350C-53B9-454A-8212-F9053FE476ED} = {A8A0625C-4221-49AB-B136-D4462B3D0027}
	EndGlobalSection
	GlobalSection(ExtensibilityGlobals) = postSolution
		SolutionGuid = {B342F8C7-B274-4220-B2A7-05B0F4D8C674}
	EndGlobalSection
EndGlobal
